// !$*UTF8*$!
{
	archiveVersion = 1;
	classes = {
	};
	objectVersion = 55;
	objects = {

/* Begin PBXBuildFile section */
		3E294990288ED5F1005DFFE8 /* UIScrollView+Convenience.swift in Sources */ = {isa = PBXBuildFile; fileRef = 3E29498F288ED5F1005DFFE8 /* UIScrollView+Convenience.swift */; };
		3E43E627287AFBD100B2436E /* PanelController.swift in Sources */ = {isa = PBXBuildFile; fileRef = 3E43E626287AFBD100B2436E /* PanelController.swift */; };
		3E43E629287B068100B2436E /* SimpleViewController.swift in Sources */ = {isa = PBXBuildFile; fileRef = 3E43E628287B068100B2436E /* SimpleViewController.swift */; };
		3E797C012890790C00EC8E1F /* ScrollViewObserver.swift in Sources */ = {isa = PBXBuildFile; fileRef = 3E797C002890790C00EC8E1F /* ScrollViewObserver.swift */; };
		3E90A7F92878921C00AE01F6 /* AppDelegate.swift in Sources */ = {isa = PBXBuildFile; fileRef = 3E90A7F82878921C00AE01F6 /* AppDelegate.swift */; };
		3E90A7FB2878921C00AE01F6 /* SceneDelegate.swift in Sources */ = {isa = PBXBuildFile; fileRef = 3E90A7FA2878921C00AE01F6 /* SceneDelegate.swift */; };
		3E90A7FD2878921C00AE01F6 /* ViewController.swift in Sources */ = {isa = PBXBuildFile; fileRef = 3E90A7FC2878921C00AE01F6 /* ViewController.swift */; };
		3E90A8002878921C00AE01F6 /* Main.storyboard in Resources */ = {isa = PBXBuildFile; fileRef = 3E90A7FE2878921C00AE01F6 /* Main.storyboard */; };
		3E90A8022878921C00AE01F6 /* Assets.xcassets in Resources */ = {isa = PBXBuildFile; fileRef = 3E90A8012878921C00AE01F6 /* Assets.xcassets */; };
		3E90A8052878921C00AE01F6 /* LaunchScreen.storyboard in Resources */ = {isa = PBXBuildFile; fileRef = 3E90A8032878921C00AE01F6 /* LaunchScreen.storyboard */; };
		3E90A8112878967500AE01F6 /* ConstraintBuilder.swift in Sources */ = {isa = PBXBuildFile; fileRef = 3E90A8102878967500AE01F6 /* ConstraintBuilder.swift */; };
		3E90A817287A0EE700AE01F6 /* StackViewController.swift in Sources */ = {isa = PBXBuildFile; fileRef = 3E90A816287A0EE700AE01F6 /* StackViewController.swift */; };
		3EBD9E292889B6F000023DFE /* TableViewController.swift in Sources */ = {isa = PBXBuildFile; fileRef = 3EBD9E282889B6F000023DFE /* TableViewController.swift */; };
		3ECD96A32899829A000D0171 /* PanelScrollView.swift in Sources */ = {isa = PBXBuildFile; fileRef = 3ECD96A22899829A000D0171 /* PanelScrollView.swift */; };
		3ECD96A528998E40000D0171 /* PanelPresentable.swift in Sources */ = {isa = PBXBuildFile; fileRef = 3ECD96A428998E40000D0171 /* PanelPresentable.swift */; };
		3ECD96A72899B12A000D0171 /* ShowTime.swift in Sources */ = {isa = PBXBuildFile; fileRef = 3ECD96A62899B12A000D0171 /* ShowTime.swift */; };
		3EDB045B28AAA043001017ED /* UnsuspectingViewController.swift in Sources */ = {isa = PBXBuildFile; fileRef = 3EDB045A28AAA043001017ED /* UnsuspectingViewController.swift */; };
/* End PBXBuildFile section */

/* Begin PBXFileReference section */
		3E29498F288ED5F1005DFFE8 /* UIScrollView+Convenience.swift */ = {isa = PBXFileReference; lastKnownFileType = sourcecode.swift; path = "UIScrollView+Convenience.swift"; sourceTree = "<group>"; };
		3E43E626287AFBD100B2436E /* PanelController.swift */ = {isa = PBXFileReference; lastKnownFileType = sourcecode.swift; path = PanelController.swift; sourceTree = "<group>"; };
		3E43E628287B068100B2436E /* SimpleViewController.swift */ = {isa = PBXFileReference; lastKnownFileType = sourcecode.swift; path = SimpleViewController.swift; sourceTree = "<group>"; };
		3E797C002890790C00EC8E1F /* ScrollViewObserver.swift */ = {isa = PBXFileReference; lastKnownFileType = sourcecode.swift; path = ScrollViewObserver.swift; sourceTree = "<group>"; };
		3E90A7F52878921C00AE01F6 /* YetAnotherSwipeDismiss.app */ = {isa = PBXFileReference; explicitFileType = wrapper.application; includeInIndex = 0; path = YetAnotherSwipeDismiss.app; sourceTree = BUILT_PRODUCTS_DIR; };
		3E90A7F82878921C00AE01F6 /* AppDelegate.swift */ = {isa = PBXFileReference; lastKnownFileType = sourcecode.swift; path = AppDelegate.swift; sourceTree = "<group>"; };
		3E90A7FA2878921C00AE01F6 /* SceneDelegate.swift */ = {isa = PBXFileReference; lastKnownFileType = sourcecode.swift; path = SceneDelegate.swift; sourceTree = "<group>"; };
		3E90A7FC2878921C00AE01F6 /* ViewController.swift */ = {isa = PBXFileReference; lastKnownFileType = sourcecode.swift; path = ViewController.swift; sourceTree = "<group>"; };
		3E90A7FF2878921C00AE01F6 /* Base */ = {isa = PBXFileReference; lastKnownFileType = file.storyboard; name = Base; path = Base.lproj/Main.storyboard; sourceTree = "<group>"; };
		3E90A8012878921C00AE01F6 /* Assets.xcassets */ = {isa = PBXFileReference; lastKnownFileType = folder.assetcatalog; path = Assets.xcassets; sourceTree = "<group>"; };
		3E90A8042878921C00AE01F6 /* Base */ = {isa = PBXFileReference; lastKnownFileType = file.storyboard; name = Base; path = Base.lproj/LaunchScreen.storyboard; sourceTree = "<group>"; };
		3E90A8062878921C00AE01F6 /* Info.plist */ = {isa = PBXFileReference; lastKnownFileType = text.plist.xml; path = Info.plist; sourceTree = "<group>"; };
		3E90A8102878967500AE01F6 /* ConstraintBuilder.swift */ = {isa = PBXFileReference; fileEncoding = 4; lastKnownFileType = sourcecode.swift; path = ConstraintBuilder.swift; sourceTree = "<group>"; };
		3E90A816287A0EE700AE01F6 /* StackViewController.swift */ = {isa = PBXFileReference; lastKnownFileType = sourcecode.swift; path = StackViewController.swift; sourceTree = "<group>"; };
		3EBD9E282889B6F000023DFE /* TableViewController.swift */ = {isa = PBXFileReference; lastKnownFileType = sourcecode.swift; path = TableViewController.swift; sourceTree = "<group>"; };
		3ECD96A22899829A000D0171 /* PanelScrollView.swift */ = {isa = PBXFileReference; lastKnownFileType = sourcecode.swift; path = PanelScrollView.swift; sourceTree = "<group>"; };
		3ECD96A428998E40000D0171 /* PanelPresentable.swift */ = {isa = PBXFileReference; lastKnownFileType = sourcecode.swift; path = PanelPresentable.swift; sourceTree = "<group>"; };
		3ECD96A62899B12A000D0171 /* ShowTime.swift */ = {isa = PBXFileReference; lastKnownFileType = sourcecode.swift; path = ShowTime.swift; sourceTree = "<group>"; };
		3EDB045A28AAA043001017ED /* UnsuspectingViewController.swift */ = {isa = PBXFileReference; lastKnownFileType = sourcecode.swift; path = UnsuspectingViewController.swift; sourceTree = "<group>"; };
/* End PBXFileReference section */

/* Begin PBXFrameworksBuildPhase section */
		3E90A7F22878921C00AE01F6 /* Frameworks */ = {
			isa = PBXFrameworksBuildPhase;
			buildActionMask = 2147483647;
			files = (
			);
			runOnlyForDeploymentPostprocessing = 0;
		};
/* End PBXFrameworksBuildPhase section */

/* Begin PBXGroup section */
		3E43E625287AFBB900B2436E /* PanelController */ = {
			isa = PBXGroup;
			children = (
				3E43E626287AFBD100B2436E /* PanelController.swift */,
				3ECD96A428998E40000D0171 /* PanelPresentable.swift */,
				3E797C002890790C00EC8E1F /* ScrollViewObserver.swift */,
				3E797BFF289078ED00EC8E1F /* Extensions */,
			);
			path = PanelController;
			sourceTree = "<group>";
		};
		3E797BFF289078ED00EC8E1F /* Extensions */ = {
			isa = PBXGroup;
			children = (
				3E90A8102878967500AE01F6 /* ConstraintBuilder.swift */,
				3E29498F288ED5F1005DFFE8 /* UIScrollView+Convenience.swift */,
				3ECD96A22899829A000D0171 /* PanelScrollView.swift */,
			);
			path = Extensions;
			sourceTree = "<group>";
		};
		3E90A7EC2878921C00AE01F6 = {
			isa = PBXGroup;
			children = (
				3E90A7F72878921C00AE01F6 /* YetAnotherSwipeDismiss */,
				3E90A7F62878921C00AE01F6 /* Products */,
			);
			sourceTree = "<group>";
		};
		3E90A7F62878921C00AE01F6 /* Products */ = {
			isa = PBXGroup;
			children = (
				3E90A7F52878921C00AE01F6 /* YetAnotherSwipeDismiss.app */,
			);
			name = Products;
			sourceTree = "<group>";
		};
		3E90A7F72878921C00AE01F6 /* YetAnotherSwipeDismiss */ = {
			isa = PBXGroup;
			children = (
				3E43E625287AFBB900B2436E /* PanelController */,
				3EDB045A28AAA043001017ED /* UnsuspectingViewController.swift */,
				3E43E628287B068100B2436E /* SimpleViewController.swift */,
				3E90A816287A0EE700AE01F6 /* StackViewController.swift */,
				3EBD9E282889B6F000023DFE /* TableViewController.swift */,
				3E90A7F82878921C00AE01F6 /* AppDelegate.swift */,
				3E90A7FA2878921C00AE01F6 /* SceneDelegate.swift */,
				3E90A7FC2878921C00AE01F6 /* ViewController.swift */,
				3E90A7FE2878921C00AE01F6 /* Main.storyboard */,
				3E90A8012878921C00AE01F6 /* Assets.xcassets */,
				3E90A8032878921C00AE01F6 /* LaunchScreen.storyboard */,
				3E90A8062878921C00AE01F6 /* Info.plist */,
				3ECD96A62899B12A000D0171 /* ShowTime.swift */,
			);
			path = YetAnotherSwipeDismiss;
			sourceTree = "<group>";
		};
/* End PBXGroup section */

/* Begin PBXNativeTarget section */
		3E90A7F42878921C00AE01F6 /* YetAnotherSwipeDismiss */ = {
			isa = PBXNativeTarget;
			buildConfigurationList = 3E90A8092878921C00AE01F6 /* Build configuration list for PBXNativeTarget "YetAnotherSwipeDismiss" */;
			buildPhases = (
				3E90A7F12878921C00AE01F6 /* Sources */,
				3E90A7F22878921C00AE01F6 /* Frameworks */,
				3E90A7F32878921C00AE01F6 /* Resources */,
			);
			buildRules = (
			);
			dependencies = (
			);
			name = YetAnotherSwipeDismiss;
			productName = YetAnotherSwipeDismiss;
			productReference = 3E90A7F52878921C00AE01F6 /* YetAnotherSwipeDismiss.app */;
			productType = "com.apple.product-type.application";
		};
/* End PBXNativeTarget section */

/* Begin PBXProject section */
		3E90A7ED2878921C00AE01F6 /* Project object */ = {
			isa = PBXProject;
			attributes = {
				BuildIndependentTargetsInParallel = 1;
				LastSwiftUpdateCheck = 1340;
				LastUpgradeCheck = 1340;
				TargetAttributes = {
					3E90A7F42878921C00AE01F6 = {
						CreatedOnToolsVersion = 13.4;
					};
				};
			};
			buildConfigurationList = 3E90A7F02878921C00AE01F6 /* Build configuration list for PBXProject "YetAnotherSwipeDismiss" */;
			compatibilityVersion = "Xcode 13.0";
			developmentRegion = en;
			hasScannedForEncodings = 0;
			knownRegions = (
				en,
				Base,
			);
			mainGroup = 3E90A7EC2878921C00AE01F6;
			productRefGroup = 3E90A7F62878921C00AE01F6 /* Products */;
			projectDirPath = "";
			projectRoot = "";
			targets = (
				3E90A7F42878921C00AE01F6 /* YetAnotherSwipeDismiss */,
			);
		};
/* End PBXProject section */

/* Begin PBXResourcesBuildPhase section */
		3E90A7F32878921C00AE01F6 /* Resources */ = {
			isa = PBXResourcesBuildPhase;
			buildActionMask = 2147483647;
			files = (
				3E90A8052878921C00AE01F6 /* LaunchScreen.storyboard in Resources */,
				3E90A8022878921C00AE01F6 /* Assets.xcassets in Resources */,
				3E90A8002878921C00AE01F6 /* Main.storyboard in Resources */,
			);
			runOnlyForDeploymentPostprocessing = 0;
		};
/* End PBXResourcesBuildPhase section */

/* Begin PBXSourcesBuildPhase section */
		3E90A7F12878921C00AE01F6 /* Sources */ = {
			isa = PBXSourcesBuildPhase;
			buildActionMask = 2147483647;
			files = (
				3E90A7FD2878921C00AE01F6 /* ViewController.swift in Sources */,
				3E294990288ED5F1005DFFE8 /* UIScrollView+Convenience.swift in Sources */,
				3E43E627287AFBD100B2436E /* PanelController.swift in Sources */,
				3E797C012890790C00EC8E1F /* ScrollViewObserver.swift in Sources */,
				3ECD96A72899B12A000D0171 /* ShowTime.swift in Sources */,
				3E90A817287A0EE700AE01F6 /* StackViewController.swift in Sources */,
				3E90A7F92878921C00AE01F6 /* AppDelegate.swift in Sources */,
				3ECD96A528998E40000D0171 /* PanelPresentable.swift in Sources */,
				3ECD96A32899829A000D0171 /* PanelScrollView.swift in Sources */,
				3E90A8112878967500AE01F6 /* ConstraintBuilder.swift in Sources */,
				3EDB045B28AAA043001017ED /* UnsuspectingViewController.swift in Sources */,
				3E43E629287B068100B2436E /* SimpleViewController.swift in Sources */,
				3EBD9E292889B6F000023DFE /* TableViewController.swift in Sources */,
				3E90A7FB2878921C00AE01F6 /* SceneDelegate.swift in Sources */,
			);
			runOnlyForDeploymentPostprocessing = 0;
		};
/* End PBXSourcesBuildPhase section */

/* Begin PBXVariantGroup section */
		3E90A7FE2878921C00AE01F6 /* Main.storyboard */ = {
			isa = PBXVariantGroup;
			children = (
				3E90A7FF2878921C00AE01F6 /* Base */,
			);
			name = Main.storyboard;
			sourceTree = "<group>";
		};
		3E90A8032878921C00AE01F6 /* LaunchScreen.storyboard */ = {
			isa = PBXVariantGroup;
			children = (
				3E90A8042878921C00AE01F6 /* Base */,
			);
			name = LaunchScreen.storyboard;
			sourceTree = "<group>";
		};
/* End PBXVariantGroup section */

/* Begin XCBuildConfiguration section */
		3E90A8072878921C00AE01F6 /* Debug */ = {
			isa = XCBuildConfiguration;
			buildSettings = {
				ALWAYS_SEARCH_USER_PATHS = NO;
				CLANG_ANALYZER_NONNULL = YES;
				CLANG_ANALYZER_NUMBER_OBJECT_CONVERSION = YES_AGGRESSIVE;
				CLANG_CXX_LANGUAGE_STANDARD = "gnu++17";
				CLANG_ENABLE_MODULES = YES;
				CLANG_ENABLE_OBJC_ARC = YES;
				CLANG_ENABLE_OBJC_WEAK = YES;
				CLANG_WARN_BLOCK_CAPTURE_AUTORELEASING = YES;
				CLANG_WARN_BOOL_CONVERSION = YES;
				CLANG_WARN_COMMA = YES;
				CLANG_WARN_CONSTANT_CONVERSION = YES;
				CLANG_WARN_DEPRECATED_OBJC_IMPLEMENTATIONS = YES;
				CLANG_WARN_DIRECT_OBJC_ISA_USAGE = YES_ERROR;
				CLANG_WARN_DOCUMENTATION_COMMENTS = YES;
				CLANG_WARN_EMPTY_BODY = YES;
				CLANG_WARN_ENUM_CONVERSION = YES;
				CLANG_WARN_INFINITE_RECURSION = YES;
				CLANG_WARN_INT_CONVERSION = YES;
				CLANG_WARN_NON_LITERAL_NULL_CONVERSION = YES;
				CLANG_WARN_OBJC_IMPLICIT_RETAIN_SELF = YES;
				CLANG_WARN_OBJC_LITERAL_CONVERSION = YES;
				CLANG_WARN_OBJC_ROOT_CLASS = YES_ERROR;
				CLANG_WARN_QUOTED_INCLUDE_IN_FRAMEWORK_HEADER = YES;
				CLANG_WARN_RANGE_LOOP_ANALYSIS = YES;
				CLANG_WARN_STRICT_PROTOTYPES = YES;
				CLANG_WARN_SUSPICIOUS_MOVE = YES;
				CLANG_WARN_UNGUARDED_AVAILABILITY = YES_AGGRESSIVE;
				CLANG_WARN_UNREACHABLE_CODE = YES;
				CLANG_WARN__DUPLICATE_METHOD_MATCH = YES;
				COPY_PHASE_STRIP = NO;
				DEBUG_INFORMATION_FORMAT = dwarf;
				ENABLE_STRICT_OBJC_MSGSEND = YES;
				ENABLE_TESTABILITY = YES;
				GCC_C_LANGUAGE_STANDARD = gnu11;
				GCC_DYNAMIC_NO_PIC = NO;
				GCC_NO_COMMON_BLOCKS = YES;
				GCC_OPTIMIZATION_LEVEL = 0;
				GCC_PREPROCESSOR_DEFINITIONS = (
					"DEBUG=1",
					"$(inherited)",
				);
				GCC_WARN_64_TO_32_BIT_CONVERSION = YES;
				GCC_WARN_ABOUT_RETURN_TYPE = YES_ERROR;
				GCC_WARN_UNDECLARED_SELECTOR = YES;
				GCC_WARN_UNINITIALIZED_AUTOS = YES_AGGRESSIVE;
				GCC_WARN_UNUSED_FUNCTION = YES;
				GCC_WARN_UNUSED_VARIABLE = YES;
				IPHONEOS_DEPLOYMENT_TARGET = 15.5;
				MTL_ENABLE_DEBUG_INFO = INCLUDE_SOURCE;
				MTL_FAST_MATH = YES;
				ONLY_ACTIVE_ARCH = YES;
				SDKROOT = iphoneos;
				SWIFT_ACTIVE_COMPILATION_CONDITIONS = DEBUG;
				SWIFT_OPTIMIZATION_LEVEL = "-Onone";
			};
			name = Debug;
		};
		3E90A8082878921C00AE01F6 /* Release */ = {
			isa = XCBuildConfiguration;
			buildSettings = {
				ALWAYS_SEARCH_USER_PATHS = NO;
				CLANG_ANALYZER_NONNULL = YES;
				CLANG_ANALYZER_NUMBER_OBJECT_CONVERSION = YES_AGGRESSIVE;
				CLANG_CXX_LANGUAGE_STANDARD = "gnu++17";
				CLANG_ENABLE_MODULES = YES;
				CLANG_ENABLE_OBJC_ARC = YES;
				CLANG_ENABLE_OBJC_WEAK = YES;
				CLANG_WARN_BLOCK_CAPTURE_AUTORELEASING = YES;
				CLANG_WARN_BOOL_CONVERSION = YES;
				CLANG_WARN_COMMA = YES;
				CLANG_WARN_CONSTANT_CONVERSION = YES;
				CLANG_WARN_DEPRECATED_OBJC_IMPLEMENTATIONS = YES;
				CLANG_WARN_DIRECT_OBJC_ISA_USAGE = YES_ERROR;
				CLANG_WARN_DOCUMENTATION_COMMENTS = YES;
				CLANG_WARN_EMPTY_BODY = YES;
				CLANG_WARN_ENUM_CONVERSION = YES;
				CLANG_WARN_INFINITE_RECURSION = YES;
				CLANG_WARN_INT_CONVERSION = YES;
				CLANG_WARN_NON_LITERAL_NULL_CONVERSION = YES;
				CLANG_WARN_OBJC_IMPLICIT_RETAIN_SELF = YES;
				CLANG_WARN_OBJC_LITERAL_CONVERSION = YES;
				CLANG_WARN_OBJC_ROOT_CLASS = YES_ERROR;
				CLANG_WARN_QUOTED_INCLUDE_IN_FRAMEWORK_HEADER = YES;
				CLANG_WARN_RANGE_LOOP_ANALYSIS = YES;
				CLANG_WARN_STRICT_PROTOTYPES = YES;
				CLANG_WARN_SUSPICIOUS_MOVE = YES;
				CLANG_WARN_UNGUARDED_AVAILABILITY = YES_AGGRESSIVE;
				CLANG_WARN_UNREACHABLE_CODE = YES;
				CLANG_WARN__DUPLICATE_METHOD_MATCH = YES;
				COPY_PHASE_STRIP = NO;
				DEBUG_INFORMATION_FORMAT = "dwarf-with-dsym";
				ENABLE_NS_ASSERTIONS = NO;
				ENABLE_STRICT_OBJC_MSGSEND = YES;
				GCC_C_LANGUAGE_STANDARD = gnu11;
				GCC_NO_COMMON_BLOCKS = YES;
				GCC_WARN_64_TO_32_BIT_CONVERSION = YES;
				GCC_WARN_ABOUT_RETURN_TYPE = YES_ERROR;
				GCC_WARN_UNDECLARED_SELECTOR = YES;
				GCC_WARN_UNINITIALIZED_AUTOS = YES_AGGRESSIVE;
				GCC_WARN_UNUSED_FUNCTION = YES;
				GCC_WARN_UNUSED_VARIABLE = YES;
				IPHONEOS_DEPLOYMENT_TARGET = 15.5;
				MTL_ENABLE_DEBUG_INFO = NO;
				MTL_FAST_MATH = YES;
				SDKROOT = iphoneos;
				SWIFT_COMPILATION_MODE = wholemodule;
				SWIFT_OPTIMIZATION_LEVEL = "-O";
				VALIDATE_PRODUCT = YES;
			};
			name = Release;
		};
		3E90A80A2878921C00AE01F6 /* Debug */ = {
			isa = XCBuildConfiguration;
			buildSettings = {
				ASSETCATALOG_COMPILER_APPICON_NAME = AppIcon;
				ASSETCATALOG_COMPILER_GLOBAL_ACCENT_COLOR_NAME = AccentColor;
				CODE_SIGN_STYLE = Automatic;
				CURRENT_PROJECT_VERSION = 1;
				DEVELOPMENT_TEAM = QB4G3AY8F8;
				GENERATE_INFOPLIST_FILE = YES;
				INFOPLIST_FILE = YetAnotherSwipeDismiss/Info.plist;
				INFOPLIST_KEY_UIApplicationSupportsIndirectInputEvents = YES;
				INFOPLIST_KEY_UILaunchStoryboardName = LaunchScreen;
				INFOPLIST_KEY_UIMainStoryboardFile = Main;
				INFOPLIST_KEY_UISupportedInterfaceOrientations_iPad = "UIInterfaceOrientationPortrait UIInterfaceOrientationPortraitUpsideDown UIInterfaceOrientationLandscapeLeft UIInterfaceOrientationLandscapeRight";
				INFOPLIST_KEY_UISupportedInterfaceOrientations_iPhone = "UIInterfaceOrientationPortrait UIInterfaceOrientationLandscapeLeft UIInterfaceOrientationLandscapeRight";
				LD_RUNPATH_SEARCH_PATHS = (
					"$(inherited)",
					"@executable_path/Frameworks",
				);
				MARKETING_VERSION = 1.0;
				PRODUCT_BUNDLE_IDENTIFIER = nl.pixelrock.YetAnotherSwipeDismiss;
				PRODUCT_NAME = "$(TARGET_NAME)";
				SWIFT_EMIT_LOC_STRINGS = YES;
				SWIFT_VERSION = 5.0;
				TARGETED_DEVICE_FAMILY = "1,2";
			};
			name = Debug;
		};
		3E90A80B2878921C00AE01F6 /* Release */ = {
			isa = XCBuildConfiguration;
			buildSettings = {
				ASSETCATALOG_COMPILER_APPICON_NAME = AppIcon;
				ASSETCATALOG_COMPILER_GLOBAL_ACCENT_COLOR_NAME = AccentColor;
				CODE_SIGN_STYLE = Automatic;
				CURRENT_PROJECT_VERSION = 1;
				DEVELOPMENT_TEAM = QB4G3AY8F8;
				GENERATE_INFOPLIST_FILE = YES;
				INFOPLIST_FILE = YetAnotherSwipeDismiss/Info.plist;
				INFOPLIST_KEY_UIApplicationSupportsIndirectInputEvents = YES;
				INFOPLIST_KEY_UILaunchStoryboardName = LaunchScreen;
				INFOPLIST_KEY_UIMainStoryboardFile = Main;
				INFOPLIST_KEY_UISupportedInterfaceOrientations_iPad = "UIInterfaceOrientationPortrait UIInterfaceOrientationPortraitUpsideDown UIInterfaceOrientationLandscapeLeft UIInterfaceOrientationLandscapeRight";
				INFOPLIST_KEY_UISupportedInterfaceOrientations_iPhone = "UIInterfaceOrientationPortrait UIInterfaceOrientationLandscapeLeft UIInterfaceOrientationLandscapeRight";
				LD_RUNPATH_SEARCH_PATHS = (
					"$(inherited)",
					"@executable_path/Frameworks",
				);
				MARKETING_VERSION = 1.0;
				PRODUCT_BUNDLE_IDENTIFIER = nl.pixelrock.YetAnotherSwipeDismiss;
				PRODUCT_NAME = "$(TARGET_NAME)";
				SWIFT_EMIT_LOC_STRINGS = YES;
				SWIFT_VERSION = 5.0;
				TARGETED_DEVICE_FAMILY = "1,2";
			};
			name = Release;
		};
/* End XCBuildConfiguration section */

/* Begin XCConfigurationList section */
		3E90A7F02878921C00AE01F6 /* Build configuration list for PBXProject "YetAnotherSwipeDismiss" */ = {
			isa = XCConfigurationList;
			buildConfigurations = (
				3E90A8072878921C00AE01F6 /* Debug */,
				3E90A8082878921C00AE01F6 /* Release */,
			);
			defaultConfigurationIsVisible = 0;
			defaultConfigurationName = Release;
		};
		3E90A8092878921C00AE01F6 /* Build configuration list for PBXNativeTarget "YetAnotherSwipeDismiss" */ = {
			isa = XCConfigurationList;
			buildConfigurations = (
				3E90A80A2878921C00AE01F6 /* Debug */,
				3E90A80B2878921C00AE01F6 /* Release */,
			);
			defaultConfigurationIsVisible = 0;
			defaultConfigurationName = Release;
		};
/* End XCConfigurationList section */
	};
	rootObject = 3E90A7ED2878921C00AE01F6 /* Project object */;
}
